
Microsoft Visual Studio Solution File, Format Version 12.00
# Visual Studio Version 17
VisualStudioVersion = 17.7.34031.279
MinimumVisualStudioVersion = 10.0.40219.1
Project("{FAE04EC0-301F-11D3-BF4B-00C04F79EFBC}") = "SpellCheckWordAddIn", "SpellCheckWordAddIn\SpellCheckWordAddIn.csproj", "{8E1B454A-62EC-4E74-BC27-81D98283454F}"
EndProject
Global
	GlobalSection(SolutionConfigurationPlatforms) = preSolution
		Debug|Any CPU = Debug|Any CPU
		Release|Any CPU = Release|Any CPU
	EndGlobalSection
	GlobalSection(ProjectConfigurationPlatforms) = postSolution
		{8E1B454A-62EC-4E74-BC27-81D98283454F}.Debug|Any CPU.ActiveCfg = Debug|Any CPU
		{8E1B454A-62EC-4E74-BC27-81D98283454F}.Debug|Any CPU.Build.0 = Debug|Any CPU
		{8E1B454A-62EC-4E74-BC27-81D98283454F}.Release|Any CPU.ActiveCfg = Release|Any CPU
		{8E1B454A-62EC-4E74-BC27-81D98283454F}.Release|Any CPU.Build.0 = Release|Any CPU
	EndGlobalSection
	GlobalSection(SolutionProperties) = preSolution
		HideSolutionNode = FALSE
	EndGlobalSection
	GlobalSection(ExtensibilityGlobals) = postSolution
		SolutionGuid = {4E9A9EFD-1D59-4CF4-A6A4-364D9110F79C}
	EndGlobalSection
EndGlobal
